
Microsoft Visual Studio Solution File, Format Version 12.00
# Visual Studio Version 16
VisualStudioVersion = 16.0.30621.155
MinimumVisualStudioVersion = 10.0.40219.1
Project("{2150E333-8FDC-42A3-9474-1A3956D46DE8}") = "Factory-简单工厂", "Factory-简单工厂", "{3963078D-A176-4E7A-A529-77413CEB483C}"
EndProject
Project("{9A19103F-16F7-4668-BE54-9A1E7A4F7556}") = "FactoryMain", "Main\FactoryMain.csproj", "{503DF1FB-2277-4F69-9774-21A7BB944D4E}"
EndProject
Project("{2150E333-8FDC-42A3-9474-1A3956D46DE8}") = "Strategy-策略模式", "Strategy-策略模式", "{FDA14CED-2E77-4E02-87D9-4C474D25E964}"
EndProject
Project("{9A19103F-16F7-4668-BE54-9A1E7A4F7556}") = "StrategyMain", "StrategyMain\StrategyMain.csproj", "{F7F64EBA-7CB5-41DB-B46A-A1A93855C463}"
EndProject
Project("{2150E333-8FDC-42A3-9474-1A3956D46DE8}") = "Decorator装饰器模式", "Decorator装饰器模式", "{9D358873-2615-4467-B649-1D335B1555A1}"
EndProject
Project("{9A19103F-16F7-4668-BE54-9A1E7A4F7556}") = "DecoratorMain", "DecoratorMain\DecoratorMain.csproj", "{4CD2D44B-0EC3-4409-A406-43D80E614A8C}"
EndProject
Project("{2150E333-8FDC-42A3-9474-1A3956D46DE8}") = "Proxy-代理模式", "Proxy-代理模式", "{92183DF7-63FB-4903-A16A-B5B036DECC09}"
EndProject
Project("{9A19103F-16F7-4668-BE54-9A1E7A4F7556}") = "ProxyMain", "ProxyMain\ProxyMain.csproj", "{932A6391-67A3-4039-8770-9CEAAFA1BD52}"
EndProject
Project("{FAE04EC0-301F-11D3-BF4B-00C04F79EFBC}") = "FactoryPattern", "FactoryPattern\FactoryPattern.csproj", "{15274BD5-0FA6-4A56-A3BF-6C6C5BF02A2A}"
EndProject
Project("{2150E333-8FDC-42A3-9474-1A3956D46DE8}") = "Prototype-原型模式", "Prototype-原型模式", "{667413F4-6833-426F-8C54-9C32B9450FBF}"
EndProject
Project("{FAE04EC0-301F-11D3-BF4B-00C04F79EFBC}") = "PrototypeMain", "PrototypeMain\PrototypeMain.csproj", "{875B1EEE-DBED-4AA9-A071-4C6C53B7A92E}"
EndProject
Project("{2150E333-8FDC-42A3-9474-1A3956D46DE8}") = "Template-模板模式", "Template-模板模式", "{F312F6FD-1D23-4B77-BCCC-81457AC964CC}"
EndProject
Project("{FAE04EC0-301F-11D3-BF4B-00C04F79EFBC}") = "TemplateMain", "TemplateMain\TemplateMain.csproj", "{CEA69106-B6F3-40D6-86D9-D10CA2CD09AC}"
EndProject
Project("{2150E333-8FDC-42A3-9474-1A3956D46DE8}") = "Facade-外观模式", "Facade-外观模式", "{F5B110E1-ECA4-4E34-A927-4086DEA1E47A}"
EndProject
Project("{FAE04EC0-301F-11D3-BF4B-00C04F79EFBC}") = "FacadeMain", "FacadeMain\FacadeMain.csproj", "{803DA6DF-4E88-46E3-BE10-18C9EAB85824}"
EndProject
Project("{2150E333-8FDC-42A3-9474-1A3956D46DE8}") = "Builder-建造者模式", "Builder-建造者模式", "{F2E29CE3-1510-48C4-A7EE-EEA52DD8EC2C}"
EndProject
Project("{FAE04EC0-301F-11D3-BF4B-00C04F79EFBC}") = "BuilderMain", "BuilderMain\BuilderMain.csproj", "{5D326BC0-FFF6-4896-A8E3-E5BBE9323C82}"
EndProject
Global
	GlobalSection(SolutionConfigurationPlatforms) = preSolution
		Debug|Any CPU = Debug|Any CPU
		Release|Any CPU = Release|Any CPU
	EndGlobalSection
	GlobalSection(ProjectConfigurationPlatforms) = postSolution
		{503DF1FB-2277-4F69-9774-21A7BB944D4E}.Debug|Any CPU.ActiveCfg = Debug|Any CPU
		{503DF1FB-2277-4F69-9774-21A7BB944D4E}.Debug|Any CPU.Build.0 = Debug|Any CPU
		{503DF1FB-2277-4F69-9774-21A7BB944D4E}.Release|Any CPU.ActiveCfg = Release|Any CPU
		{503DF1FB-2277-4F69-9774-21A7BB944D4E}.Release|Any CPU.Build.0 = Release|Any CPU
		{F7F64EBA-7CB5-41DB-B46A-A1A93855C463}.Debug|Any CPU.ActiveCfg = Debug|Any CPU
		{F7F64EBA-7CB5-41DB-B46A-A1A93855C463}.Debug|Any CPU.Build.0 = Debug|Any CPU
		{F7F64EBA-7CB5-41DB-B46A-A1A93855C463}.Release|Any CPU.ActiveCfg = Release|Any CPU
		{F7F64EBA-7CB5-41DB-B46A-A1A93855C463}.Release|Any CPU.Build.0 = Release|Any CPU
		{4CD2D44B-0EC3-4409-A406-43D80E614A8C}.Debug|Any CPU.ActiveCfg = Debug|Any CPU
		{4CD2D44B-0EC3-4409-A406-43D80E614A8C}.Debug|Any CPU.Build.0 = Debug|Any CPU
		{4CD2D44B-0EC3-4409-A406-43D80E614A8C}.Release|Any CPU.ActiveCfg = Release|Any CPU
		{4CD2D44B-0EC3-4409-A406-43D80E614A8C}.Release|Any CPU.Build.0 = Release|Any CPU
		{932A6391-67A3-4039-8770-9CEAAFA1BD52}.Debug|Any CPU.ActiveCfg = Debug|Any CPU
		{932A6391-67A3-4039-8770-9CEAAFA1BD52}.Debug|Any CPU.Build.0 = Debug|Any CPU
		{932A6391-67A3-4039-8770-9CEAAFA1BD52}.Release|Any CPU.ActiveCfg = Release|Any CPU
		{932A6391-67A3-4039-8770-9CEAAFA1BD52}.Release|Any CPU.Build.0 = Release|Any CPU
		{15274BD5-0FA6-4A56-A3BF-6C6C5BF02A2A}.Debug|Any CPU.ActiveCfg = Debug|Any CPU
		{15274BD5-0FA6-4A56-A3BF-6C6C5BF02A2A}.Debug|Any CPU.Build.0 = Debug|Any CPU
		{15274BD5-0FA6-4A56-A3BF-6C6C5BF02A2A}.Release|Any CPU.ActiveCfg = Release|Any CPU
		{15274BD5-0FA6-4A56-A3BF-6C6C5BF02A2A}.Release|Any CPU.Build.0 = Release|Any CPU
		{875B1EEE-DBED-4AA9-A071-4C6C53B7A92E}.Debug|Any CPU.ActiveCfg = Debug|Any CPU
		{875B1EEE-DBED-4AA9-A071-4C6C53B7A92E}.Debug|Any CPU.Build.0 = Debug|Any CPU
		{875B1EEE-DBED-4AA9-A071-4C6C53B7A92E}.Release|Any CPU.ActiveCfg = Release|Any CPU
		{875B1EEE-DBED-4AA9-A071-4C6C53B7A92E}.Release|Any CPU.Build.0 = Release|Any CPU
		{CEA69106-B6F3-40D6-86D9-D10CA2CD09AC}.Debug|Any CPU.ActiveCfg = Debug|Any CPU
		{CEA69106-B6F3-40D6-86D9-D10CA2CD09AC}.Debug|Any CPU.Build.0 = Debug|Any CPU
		{CEA69106-B6F3-40D6-86D9-D10CA2CD09AC}.Release|Any CPU.ActiveCfg = Release|Any CPU
		{CEA69106-B6F3-40D6-86D9-D10CA2CD09AC}.Release|Any CPU.Build.0 = Release|Any CPU
		{803DA6DF-4E88-46E3-BE10-18C9EAB85824}.Debug|Any CPU.ActiveCfg = Debug|Any CPU
		{803DA6DF-4E88-46E3-BE10-18C9EAB85824}.Debug|Any CPU.Build.0 = Debug|Any CPU
		{803DA6DF-4E88-46E3-BE10-18C9EAB85824}.Release|Any CPU.ActiveCfg = Release|Any CPU
		{803DA6DF-4E88-46E3-BE10-18C9EAB85824}.Release|Any CPU.Build.0 = Release|Any CPU
		{5D326BC0-FFF6-4896-A8E3-E5BBE9323C82}.Debug|Any CPU.ActiveCfg = Debug|Any CPU
		{5D326BC0-FFF6-4896-A8E3-E5BBE9323C82}.Debug|Any CPU.Build.0 = Debug|Any CPU
		{5D326BC0-FFF6-4896-A8E3-E5BBE9323C82}.Release|Any CPU.ActiveCfg = Release|Any CPU
		{5D326BC0-FFF6-4896-A8E3-E5BBE9323C82}.Release|Any CPU.Build.0 = Release|Any CPU
	EndGlobalSection
	GlobalSection(SolutionProperties) = preSolution
		HideSolutionNode = FALSE
	EndGlobalSection
	GlobalSection(NestedProjects) = preSolution
		{503DF1FB-2277-4F69-9774-21A7BB944D4E} = {3963078D-A176-4E7A-A529-77413CEB483C}
		{F7F64EBA-7CB5-41DB-B46A-A1A93855C463} = {FDA14CED-2E77-4E02-87D9-4C474D25E964}
		{4CD2D44B-0EC3-4409-A406-43D80E614A8C} = {9D358873-2615-4467-B649-1D335B1555A1}
		{932A6391-67A3-4039-8770-9CEAAFA1BD52} = {92183DF7-63FB-4903-A16A-B5B036DECC09}
		{15274BD5-0FA6-4A56-A3BF-6C6C5BF02A2A} = {3963078D-A176-4E7A-A529-77413CEB483C}
		{875B1EEE-DBED-4AA9-A071-4C6C53B7A92E} = {667413F4-6833-426F-8C54-9C32B9450FBF}
		{CEA69106-B6F3-40D6-86D9-D10CA2CD09AC} = {F312F6FD-1D23-4B77-BCCC-81457AC964CC}
		{803DA6DF-4E88-46E3-BE10-18C9EAB85824} = {F5B110E1-ECA4-4E34-A927-4086DEA1E47A}
		{5D326BC0-FFF6-4896-A8E3-E5BBE9323C82} = {F2E29CE3-1510-48C4-A7EE-EEA52DD8EC2C}
	EndGlobalSection
	GlobalSection(ExtensibilityGlobals) = postSolution
		SolutionGuid = {5E89B744-5A50-41FC-AD70-9EC2EA2B2894}
	EndGlobalSection
EndGlobal
